// !$*UTF8*$!
{
	archiveVersion = 1;
	classes = {
	};
	objectVersion = 48;
	objects = {

/* Begin PBXBuildFile section */
		062953981FFAAB4300B5C3B9 /* ShockController.swift in Sources */ = {isa = PBXBuildFile; fileRef = 062953971FFAAB4300B5C3B9 /* ShockController.swift */; };
		0629539E1FFAB0A700B5C3B9 /* Menu.xib in Resources */ = {isa = PBXBuildFile; fileRef = 0629539C1FFAB0A700B5C3B9 /* Menu.xib */; };
		06F887D51FF5320200BF4DBF /* AppDelegate.swift in Sources */ = {isa = PBXBuildFile; fileRef = 06F887D41FF5320200BF4DBF /* AppDelegate.swift */; };
		06F887D71FF5320200BF4DBF /* ViewController.swift in Sources */ = {isa = PBXBuildFile; fileRef = 06F887D61FF5320200BF4DBF /* ViewController.swift */; };
		06F887D91FF5320200BF4DBF /* Assets.xcassets in Resources */ = {isa = PBXBuildFile; fileRef = 06F887D81FF5320200BF4DBF /* Assets.xcassets */; };
		06F887DC1FF5320200BF4DBF /* Main.storyboard in Resources */ = {isa = PBXBuildFile; fileRef = 06F887DA1FF5320200BF4DBF /* Main.storyboard */; };
		06F887ED1FF533E600BF4DBF /* ShockWeb.css in Resources */ = {isa = PBXBuildFile; fileRef = 06F887E71FF533E600BF4DBF /* ShockWeb.css */; };
		06F887EE1FF533E600BF4DBF /* ShockWeb.html in Resources */ = {isa = PBXBuildFile; fileRef = 06F887E81FF533E600BF4DBF /* ShockWeb.html */; };
		06F887EF1FF533E600BF4DBF /* ShockWeb.js in Resources */ = {isa = PBXBuildFile; fileRef = 06F887E91FF533E600BF4DBF /* ShockWeb.js */; };
		06F887F41FF53A2B00BF4DBF /* WebKit.framework in Frameworks */ = {isa = PBXBuildFile; fileRef = 06F887F21FF539D900BF4DBF /* WebKit.framework */; };
		06F887F61FF53A8200BF4DBF /* TransparentWindow.swift in Sources */ = {isa = PBXBuildFile; fileRef = 06F887F51FF53A8200BF4DBF /* TransparentWindow.swift */; };
		06F887F81FF5431200BF4DBF /* TransparentWindowController.swift in Sources */ = {isa = PBXBuildFile; fileRef = 06F887F71FF5431200BF4DBF /* TransparentWindowController.swift */; };
		06F887FE1FF5491100BF4DBF /* ShockWebBridge.m in Sources */ = {isa = PBXBuildFile; fileRef = 06F887FD1FF5491100BF4DBF /* ShockWebBridge.m */; };
		06F888001FF6382900BF4DBF /* Bridge.swift in Sources */ = {isa = PBXBuildFile; fileRef = 06F887FF1FF6382900BF4DBF /* Bridge.swift */; };
/* End PBXBuildFile section */

/* Begin PBXFileReference section */
		062953971FFAAB4300B5C3B9 /* ShockController.swift */ = {isa = PBXFileReference; lastKnownFileType = sourcecode.swift; path = ShockController.swift; sourceTree = "<group>"; };
		0629539D1FFAB0A700B5C3B9 /* Base */ = {isa = PBXFileReference; lastKnownFileType = file.xib; name = Base; path = Shock/Base.lproj/Menu.xib; sourceTree = "<group>"; };
		06F887D11FF5320200BF4DBF /* Shock.app */ = {isa = PBXFileReference; explicitFileType = wrapper.application; includeInIndex = 0; path = Shock.app; sourceTree = BUILT_PRODUCTS_DIR; };
		06F887D41FF5320200BF4DBF /* AppDelegate.swift */ = {isa = PBXFileReference; lastKnownFileType = sourcecode.swift; path = AppDelegate.swift; sourceTree = "<group>"; };
		06F887D61FF5320200BF4DBF /* ViewController.swift */ = {isa = PBXFileReference; lastKnownFileType = sourcecode.swift; path = ViewController.swift; sourceTree = "<group>"; };
		06F887D81FF5320200BF4DBF /* Assets.xcassets */ = {isa = PBXFileReference; lastKnownFileType = folder.assetcatalog; path = Assets.xcassets; sourceTree = "<group>"; };
		06F887DB1FF5320200BF4DBF /* Base */ = {isa = PBXFileReference; lastKnownFileType = file.storyboard; name = Base; path = Base.lproj/Main.storyboard; sourceTree = "<group>"; };
		06F887DD1FF5320200BF4DBF /* Info.plist */ = {isa = PBXFileReference; lastKnownFileType = text.plist.xml; path = Info.plist; sourceTree = "<group>"; };
		06F887DE1FF5320200BF4DBF /* Shock.entitlements */ = {isa = PBXFileReference; lastKnownFileType = text.plist.entitlements; path = Shock.entitlements; sourceTree = "<group>"; };
		06F887E71FF533E600BF4DBF /* ShockWeb.css */ = {isa = PBXFileReference; fileEncoding = 4; lastKnownFileType = text.css; path = ShockWeb.css; sourceTree = "<group>"; };
		06F887E81FF533E600BF4DBF /* ShockWeb.html */ = {isa = PBXFileReference; fileEncoding = 4; lastKnownFileType = text.html; path = ShockWeb.html; sourceTree = "<group>"; };
		06F887E91FF533E600BF4DBF /* ShockWeb.js */ = {isa = PBXFileReference; fileEncoding = 4; lastKnownFileType = sourcecode.javascript; path = ShockWeb.js; sourceTree = "<group>"; };
		06F887F21FF539D900BF4DBF /* WebKit.framework */ = {isa = PBXFileReference; lastKnownFileType = wrapper.framework; name = WebKit.framework; path = System/Library/Frameworks/WebKit.framework; sourceTree = SDKROOT; };
		06F887F51FF53A8200BF4DBF /* TransparentWindow.swift */ = {isa = PBXFileReference; lastKnownFileType = sourcecode.swift; path = TransparentWindow.swift; sourceTree = "<group>"; };
		06F887F71FF5431200BF4DBF /* TransparentWindowController.swift */ = {isa = PBXFileReference; lastKnownFileType = sourcecode.swift; path = TransparentWindowController.swift; sourceTree = "<group>"; };
		06F887FB1FF5491000BF4DBF /* Shock-Bridging-Header.h */ = {isa = PBXFileReference; lastKnownFileType = sourcecode.c.h; path = "Shock-Bridging-Header.h"; sourceTree = "<group>"; };
		06F887FC1FF5491100BF4DBF /* ShockWebBridge.h */ = {isa = PBXFileReference; lastKnownFileType = sourcecode.c.h; path = ShockWebBridge.h; sourceTree = "<group>"; };
		06F887FD1FF5491100BF4DBF /* ShockWebBridge.m */ = {isa = PBXFileReference; lastKnownFileType = sourcecode.c.objc; path = ShockWebBridge.m; sourceTree = "<group>"; };
		06F887FF1FF6382900BF4DBF /* Bridge.swift */ = {isa = PBXFileReference; lastKnownFileType = sourcecode.swift; path = Bridge.swift; sourceTree = "<group>"; };
/* End PBXFileReference section */

/* Begin PBXFrameworksBuildPhase section */
		06F887CE1FF5320200BF4DBF /* Frameworks */ = {
			isa = PBXFrameworksBuildPhase;
			buildActionMask = 2147483647;
			files = (
				06F887F41FF53A2B00BF4DBF /* WebKit.framework in Frameworks */,
			);
			runOnlyForDeploymentPostprocessing = 0;
		};
/* End PBXFrameworksBuildPhase section */

/* Begin PBXGroup section */
		06F887C81FF5320200BF4DBF = {
			isa = PBXGroup;
			children = (
				06F887D31FF5320200BF4DBF /* Shock */,
				06F887D21FF5320200BF4DBF /* Products */,
				06F887F11FF539D900BF4DBF /* Frameworks */,
				06F887FB1FF5491000BF4DBF /* Shock-Bridging-Header.h */,
			);
			sourceTree = "<group>";
		};
		06F887D21FF5320200BF4DBF /* Products */ = {
			isa = PBXGroup;
			children = (
				06F887D11FF5320200BF4DBF /* Shock.app */,
			);
			name = Products;
			sourceTree = "<group>";
		};
		06F887D31FF5320200BF4DBF /* Shock */ = {
			isa = PBXGroup;
			children = (
				06F887E41FF533E600BF4DBF /* ShockWeb */,
				06F887D41FF5320200BF4DBF /* AppDelegate.swift */,
				062953971FFAAB4300B5C3B9 /* ShockController.swift */,
				06F887D61FF5320200BF4DBF /* ViewController.swift */,
				06F887F51FF53A8200BF4DBF /* TransparentWindow.swift */,
				06F887F71FF5431200BF4DBF /* TransparentWindowController.swift */,
				06F887D81FF5320200BF4DBF /* Assets.xcassets */,
				0629539C1FFAB0A700B5C3B9 /* Menu.xib */,
				06F887DA1FF5320200BF4DBF /* Main.storyboard */,
				06F887DD1FF5320200BF4DBF /* Info.plist */,
				06F887DE1FF5320200BF4DBF /* Shock.entitlements */,
			);
			path = Shock;
			sourceTree = "<group>";
		};
		06F887E41FF533E600BF4DBF /* ShockWeb */ = {
			isa = PBXGroup;
			children = (
				06F887FC1FF5491100BF4DBF /* ShockWebBridge.h */,
				06F887FD1FF5491100BF4DBF /* ShockWebBridge.m */,
				06F887FF1FF6382900BF4DBF /* Bridge.swift */,
				06F887E71FF533E600BF4DBF /* ShockWeb.css */,
				06F887E81FF533E600BF4DBF /* ShockWeb.html */,
				06F887E91FF533E600BF4DBF /* ShockWeb.js */,
			);
			path = ShockWeb;
			sourceTree = "<group>";
		};
		06F887F11FF539D900BF4DBF /* Frameworks */ = {
			isa = PBXGroup;
			children = (
				06F887F21FF539D900BF4DBF /* WebKit.framework */,
			);
			name = Frameworks;
			sourceTree = "<group>";
		};
/* End PBXGroup section */

/* Begin PBXNativeTarget section */
		06F887D01FF5320200BF4DBF /* Shock */ = {
			isa = PBXNativeTarget;
			buildConfigurationList = 06F887E11FF5320200BF4DBF /* Build configuration list for PBXNativeTarget "Shock" */;
			buildPhases = (
				06F887CD1FF5320200BF4DBF /* Sources */,
				06F887CE1FF5320200BF4DBF /* Frameworks */,
				06F887CF1FF5320200BF4DBF /* Resources */,
			);
			buildRules = (
			);
			dependencies = (
			);
			name = Shock;
			productName = Shock;
			productReference = 06F887D11FF5320200BF4DBF /* Shock.app */;
			productType = "com.apple.product-type.application";
		};
/* End PBXNativeTarget section */

/* Begin PBXProject section */
		06F887C91FF5320200BF4DBF /* Project object */ = {
			isa = PBXProject;
			attributes = {
				LastSwiftUpdateCheck = 0920;
				LastUpgradeCheck = 0920;
				ORGANIZATIONNAME = Meidosem;
				TargetAttributes = {
					06F887D01FF5320200BF4DBF = {
						CreatedOnToolsVersion = 9.2;
						LastSwiftMigration = 0920;
						ProvisioningStyle = Automatic;
					};
				};
			};
			buildConfigurationList = 06F887CC1FF5320200BF4DBF /* Build configuration list for PBXProject "Shock" */;
			compatibilityVersion = "Xcode 8.0";
			developmentRegion = en;
			hasScannedForEncodings = 0;
			knownRegions = (
				en,
				Base,
			);
			mainGroup = 06F887C81FF5320200BF4DBF;
			productRefGroup = 06F887D21FF5320200BF4DBF /* Products */;
			projectDirPath = "";
			projectRoot = "";
			targets = (
				06F887D01FF5320200BF4DBF /* Shock */,
			);
		};
/* End PBXProject section */

/* Begin PBXResourcesBuildPhase section */
		06F887CF1FF5320200BF4DBF /* Resources */ = {
			isa = PBXResourcesBuildPhase;
			buildActionMask = 2147483647;
			files = (
				06F887D91FF5320200BF4DBF /* Assets.xcassets in Resources */,
				06F887EE1FF533E600BF4DBF /* ShockWeb.html in Resources */,
				06F887ED1FF533E600BF4DBF /* ShockWeb.css in Resources */,
				06F887DC1FF5320200BF4DBF /* Main.storyboard in Resources */,
				0629539E1FFAB0A700B5C3B9 /* Menu.xib in Resources */,
				06F887EF1FF533E600BF4DBF /* ShockWeb.js in Resources */,
			);
			runOnlyForDeploymentPostprocessing = 0;
		};
/* End PBXResourcesBuildPhase section */

/* Begin PBXSourcesBuildPhase section */
		06F887CD1FF5320200BF4DBF /* Sources */ = {
			isa = PBXSourcesBuildPhase;
			buildActionMask = 2147483647;
			files = (
				06F887F61FF53A8200BF4DBF /* TransparentWindow.swift in Sources */,
				062953981FFAAB4300B5C3B9 /* ShockController.swift in Sources */,
				06F887D71FF5320200BF4DBF /* ViewController.swift in Sources */,
				06F888001FF6382900BF4DBF /* Bridge.swift in Sources */,
				06F887F81FF5431200BF4DBF /* TransparentWindowController.swift in Sources */,
				06F887D51FF5320200BF4DBF /* AppDelegate.swift in Sources */,
				06F887FE1FF5491100BF4DBF /* ShockWebBridge.m in Sources */,
			);
			runOnlyForDeploymentPostprocessing = 0;
		};
/* End PBXSourcesBuildPhase section */

/* Begin PBXVariantGroup section */
		0629539C1FFAB0A700B5C3B9 /* Menu.xib */ = {
			isa = PBXVariantGroup;
			children = (
				0629539D1FFAB0A700B5C3B9 /* Base */,
			);
			name = Menu.xib;
			sourceTree = "<group>";
		};
		06F887DA1FF5320200BF4DBF /* Main.storyboard */ = {
			isa = PBXVariantGroup;
			children = (
				06F887DB1FF5320200BF4DBF /* Base */,
			);
			name = Main.storyboard;
			sourceTree = "<group>";
		};
/* End PBXVariantGroup section */

/* Begin XCBuildConfiguration section */
		06F887DF1FF5320200BF4DBF /* Debug */ = {
			isa = XCBuildConfiguration;
			buildSettings = {
				ALWAYS_SEARCH_USER_PATHS = NO;
				CLANG_ANALYZER_NONNULL = YES;
				CLANG_ANALYZER_NUMBER_OBJECT_CONVERSION = YES_AGGRESSIVE;
				CLANG_CXX_LANGUAGE_STANDARD = "gnu++14";
				CLANG_CXX_LIBRARY = "libc++";
				CLANG_ENABLE_MODULES = YES;
				CLANG_ENABLE_OBJC_ARC = YES;
				CLANG_WARN_BLOCK_CAPTURE_AUTORELEASING = YES;
				CLANG_WARN_BOOL_CONVERSION = YES;
				CLANG_WARN_COMMA = YES;
				CLANG_WARN_CONSTANT_CONVERSION = YES;
				CLANG_WARN_DIRECT_OBJC_ISA_USAGE = YES_ERROR;
				CLANG_WARN_DOCUMENTATION_COMMENTS = YES;
				CLANG_WARN_EMPTY_BODY = YES;
				CLANG_WARN_ENUM_CONVERSION = YES;
				CLANG_WARN_INFINITE_RECURSION = YES;
				CLANG_WARN_INT_CONVERSION = YES;
				CLANG_WARN_NON_LITERAL_NULL_CONVERSION = YES;
				CLANG_WARN_OBJC_LITERAL_CONVERSION = YES;
				CLANG_WARN_OBJC_ROOT_CLASS = YES_ERROR;
				CLANG_WARN_RANGE_LOOP_ANALYSIS = YES;
				CLANG_WARN_STRICT_PROTOTYPES = YES;
				CLANG_WARN_SUSPICIOUS_MOVE = YES;
				CLANG_WARN_UNGUARDED_AVAILABILITY = YES_AGGRESSIVE;
				CLANG_WARN_UNREACHABLE_CODE = YES;
				CLANG_WARN__DUPLICATE_METHOD_MATCH = YES;
				CODE_SIGN_IDENTITY = "Mac Developer";
				COPY_PHASE_STRIP = NO;
				DEBUG_INFORMATION_FORMAT = dwarf;
				ENABLE_STRICT_OBJC_MSGSEND = YES;
				ENABLE_TESTABILITY = YES;
				GCC_C_LANGUAGE_STANDARD = gnu11;
				GCC_DYNAMIC_NO_PIC = NO;
				GCC_NO_COMMON_BLOCKS = YES;
				GCC_OPTIMIZATION_LEVEL = 0;
				GCC_PREPROCESSOR_DEFINITIONS = (
					"DEBUG=1",
					"$(inherited)",
				);
				GCC_WARN_64_TO_32_BIT_CONVERSION = YES;
				GCC_WARN_ABOUT_RETURN_TYPE = YES_ERROR;
				GCC_WARN_UNDECLARED_SELECTOR = YES;
				GCC_WARN_UNINITIALIZED_AUTOS = YES_AGGRESSIVE;
				GCC_WARN_UNUSED_FUNCTION = YES;
				GCC_WARN_UNUSED_VARIABLE = YES;
				MACOSX_DEPLOYMENT_TARGET = 10.12;
				MTL_ENABLE_DEBUG_INFO = YES;
				ONLY_ACTIVE_ARCH = YES;
				SDKROOT = macosx;
				SWIFT_ACTIVE_COMPILATION_CONDITIONS = DEBUG;
				SWIFT_OPTIMIZATION_LEVEL = "-Onone";
			};
			name = Debug;
		};
		06F887E01FF5320200BF4DBF /* Release */ = {
			isa = XCBuildConfiguration;
			buildSettings = {
				ALWAYS_SEARCH_USER_PATHS = NO;
				CLANG_ANALYZER_NONNULL = YES;
				CLANG_ANALYZER_NUMBER_OBJECT_CONVERSION = YES_AGGRESSIVE;
				CLANG_CXX_LANGUAGE_STANDARD = "gnu++14";
				CLANG_CXX_LIBRARY = "libc++";
				CLANG_ENABLE_MODULES = YES;
				CLANG_ENABLE_OBJC_ARC = YES;
				CLANG_WARN_BLOCK_CAPTURE_AUTORELEASING = YES;
				CLANG_WARN_BOOL_CONVERSION = YES;
				CLANG_WARN_COMMA = YES;
				CLANG_WARN_CONSTANT_CONVERSION = YES;
				CLANG_WARN_DIRECT_OBJC_ISA_USAGE = YES_ERROR;
				CLANG_WARN_DOCUMENTATION_COMMENTS = YES;
				CLANG_WARN_EMPTY_BODY = YES;
				CLANG_WARN_ENUM_CONVERSION = YES;
				CLANG_WARN_INFINITE_RECURSION = YES;
				CLANG_WARN_INT_CONVERSION = YES;
				CLANG_WARN_NON_LITERAL_NULL_CONVERSION = YES;
				CLANG_WARN_OBJC_LITERAL_CONVERSION = YES;
				CLANG_WARN_OBJC_ROOT_CLASS = YES_ERROR;
				CLANG_WARN_RANGE_LOOP_ANALYSIS = YES;
				CLANG_WARN_STRICT_PROTOTYPES = YES;
				CLANG_WARN_SUSPICIOUS_MOVE = YES;
				CLANG_WARN_UNGUARDED_AVAILABILITY = YES_AGGRESSIVE;
				CLANG_WARN_UNREACHABLE_CODE = YES;
				CLANG_WARN__DUPLICATE_METHOD_MATCH = YES;
				CODE_SIGN_IDENTITY = "Mac Developer";
				COPY_PHASE_STRIP = NO;
				DEBUG_INFORMATION_FORMAT = "dwarf-with-dsym";
				ENABLE_NS_ASSERTIONS = NO;
				ENABLE_STRICT_OBJC_MSGSEND = YES;
				GCC_C_LANGUAGE_STANDARD = gnu11;
				GCC_NO_COMMON_BLOCKS = YES;
				GCC_WARN_64_TO_32_BIT_CONVERSION = YES;
				GCC_WARN_ABOUT_RETURN_TYPE = YES_ERROR;
				GCC_WARN_UNDECLARED_SELECTOR = YES;
				GCC_WARN_UNINITIALIZED_AUTOS = YES_AGGRESSIVE;
				GCC_WARN_UNUSED_FUNCTION = YES;
				GCC_WARN_UNUSED_VARIABLE = YES;
				MACOSX_DEPLOYMENT_TARGET = 10.12;
				MTL_ENABLE_DEBUG_INFO = NO;
				SDKROOT = macosx;
				SWIFT_OPTIMIZATION_LEVEL = "-Owholemodule";
			};
			name = Release;
		};
		06F887E21FF5320200BF4DBF /* Debug */ = {
			isa = XCBuildConfiguration;
			buildSettings = {
				ASSETCATALOG_COMPILER_APPICON_NAME = AppIcon;
				CLANG_ENABLE_MODULES = YES;
				CODE_SIGN_ENTITLEMENTS = Shock/Shock.entitlements;
				CODE_SIGN_STYLE = Automatic;
				COMBINE_HIDPI_IMAGES = YES;
				DEVELOPMENT_TEAM = 684SSZLSSG;
				INFOPLIST_FILE = Shock/Info.plist;
				LD_RUNPATH_SEARCH_PATHS = "$(inherited) @executable_path/../Frameworks";
				PRODUCT_BUNDLE_IDENTIFIER = com.meidosem.Shock;
				PRODUCT_NAME = "$(TARGET_NAME)";
				SWIFT_OBJC_BRIDGING_HEADER = "Shock-Bridging-Header.h";
				SWIFT_OPTIMIZATION_LEVEL = "-Onone";
				SWIFT_VERSION = 4.0;
			};
			name = Debug;
		};
		06F887E31FF5320200BF4DBF /* Release */ = {
			isa = XCBuildConfiguration;
			buildSettings = {
				ASSETCATALOG_COMPILER_APPICON_NAME = AppIcon;
				CLANG_ENABLE_MODULES = YES;
				CODE_SIGN_ENTITLEMENTS = Shock/Shock.entitlements;
				CODE_SIGN_STYLE = Automatic;
				COMBINE_HIDPI_IMAGES = YES;
				DEVELOPMENT_TEAM = 684SSZLSSG;
				INFOPLIST_FILE = Shock/Info.plist;
				LD_RUNPATH_SEARCH_PATHS = "$(inherited) @executable_path/../Frameworks";
				PRODUCT_BUNDLE_IDENTIFIER = com.meidosem.Shock;
				PRODUCT_NAME = "$(TARGET_NAME)";
				SWIFT_OBJC_BRIDGING_HEADER = "Shock-Bridging-Header.h";
				SWIFT_VERSION = 4.0;
			};
			name = Release;
		};
/* End XCBuildConfiguration section */

/* Begin XCConfigurationList section */
		06F887CC1FF5320200BF4DBF /* Build configuration list for PBXProject "Shock" */ = {
			isa = XCConfigurationList;
			buildConfigurations = (
				06F887DF1FF5320200BF4DBF /* Debug */,
				06F887E01FF5320200BF4DBF /* Release */,
			);
			defaultConfigurationIsVisible = 0;
			defaultConfigurationName = Release;
		};
		06F887E11FF5320200BF4DBF /* Build configuration list for PBXNativeTarget "Shock" */ = {
			isa = XCConfigurationList;
			buildConfigurations = (
				06F887E21FF5320200BF4DBF /* Debug */,
				06F887E31FF5320200BF4DBF /* Release */,
			);
			defaultConfigurationIsVisible = 0;
			defaultConfigurationName = Release;
		};
/* End XCConfigurationList section */
	};
	rootObject = 06F887C91FF5320200BF4DBF /* Project object */;
}
